
Microsoft Visual Studio Solution File, Format Version 12.00
# Visual Studio Version 17
VisualStudioVersion = 17.12.35506.116 d17.12
MinimumVisualStudioVersion = 10.0.40219.1
Project("{2150E333-8FDC-42A3-9474-1A3956D46DE8}") = "Infra", "Infra", "{39F39DD3-D33F-463C-AE30-742497655745}"
EndProject
Project("{FAE04EC0-301F-11D3-BF4B-00C04F79EFBC}") = "TaskMaster.Infrastructure", "Infra\TaskMaster.Infrastructure\TaskMaster.Infrastructure.csproj", "{C0D46E57-51D3-4A9D-A20C-0952FCFA82F8}"
EndProject
Project("{FAE04EC0-301F-11D3-BF4B-00C04F79EFBC}") = "TaskMaster.Abstractions", "Infra\TaskMaster.Abstractions\TaskMaster.Abstractions.csproj", "{0AA04DC5-D623-409D-9D8A-2B1826B55A53}"
EndProject
Project("{2150E333-8FDC-42A3-9474-1A3956D46DE8}") = "Modules", "Modules", "{E3709AC6-0078-457A-9861-44C5C004AB27}"
EndProject
Project("{2150E333-8FDC-42A3-9474-1A3956D46DE8}") = "Ai", "Ai", "{857B60A8-753E-4953-A4EF-CD7B3DC4EA56}"
EndProject
Project("{FAE04EC0-301F-11D3-BF4B-00C04F79EFBC}") = "TaskMaster.OpenAi", "Modules\Ai\TaskMaster.OpenAi\TaskMaster.OpenAi.csproj", "{2938F4E5-8BB9-447C-BB92-CA49DAE59884}"
EndProject
Project("{FAE04EC0-301F-11D3-BF4B-00C04F79EFBC}") = "TaskMaster.Bootstrapper", "TaskMaster.Bootstrapper\TaskMaster.Bootstrapper.csproj", "{E6AA1E31-8DA2-45CB-8AD9-6215FA92FAD1}"
EndProject
Project("{FAE04EC0-301F-11D3-BF4B-00C04F79EFBC}") = "TaskMaster.Events", "Infra\TaskMaster.Events\TaskMaster.Events.csproj", "{39351C18-EA32-4FD8-B1B7-D2C4EBF967BB}"
EndProject
Project("{FAE04EC0-301F-11D3-BF4B-00C04F79EFBC}") = "TaskMaster.Models.Exercises", "Infra\TaskMaster.Models.Exercises\TaskMaster.Models.Exercises.csproj", "{6AFF2030-D51E-4EFD-9843-F0CD60587496}"
EndProject
Project("{2150E333-8FDC-42A3-9474-1A3956D46DE8}") = "Solution Items", "Solution Items", "{4F84B2AB-3A69-4ACB-9D14-E1E1A9B4AB98}"
	ProjectSection(SolutionItems) = preProject
		Directory.Build.props = Directory.Build.props
		Directory.Packages.props = Directory.Packages.props
	EndProjectSection
EndProject
Project("{2150E333-8FDC-42A3-9474-1A3956D46DE8}") = "Accounts", "Accounts", "{34F52B9D-F141-4B33-891D-32E0DA38E14A}"
EndProject
Project("{FAE04EC0-301F-11D3-BF4B-00C04F79EFBC}") = "TaskMaster.Modules.Accounts", "Modules\Accounts\TaskMaster.Modules.Accounts\TaskMaster.Modules.Accounts.csproj", "{440BF1DB-320E-4179-89DA-CE32C6710EFF}"
EndProject
Project("{2150E333-8FDC-42A3-9474-1A3956D46DE8}") = "Exercises", "Exercises", "{120BCB4C-F021-4862-A339-EA4506D6EC1D}"
EndProject
Project("{FAE04EC0-301F-11D3-BF4B-00C04F79EFBC}") = "TaskMaster.Modules.Exercises", "Modules\Exercises\TaskMaster.Modules.Exercises\TaskMaster.Modules.Exercises.csproj", "{50EB5346-E4FD-40E3-A80E-C80EE7C29A74}"
EndProject
Project("{2150E333-8FDC-42A3-9474-1A3956D46DE8}") = "Teaching", "Teaching", "{1355E916-CB3A-49BE-8489-47133B7B8DF1}"
EndProject
Project("{FAE04EC0-301F-11D3-BF4B-00C04F79EFBC}") = "TaskMaster.Modules.Teaching", "Modules\Teaching\TaskMaster.Modules.Teaching\TaskMaster.Modules.Teaching.csproj", "{B82640AF-87A2-463B-9FBD-C55F11204273}"
EndProject
Project("{FAE04EC0-301F-11D3-BF4B-00C04F79EFBC}") = "TaskMaster.Models.Teaching", "TaskMaster.Models.Teaching\TaskMaster.Models.Teaching.csproj", "{CE46299B-22A7-4BEE-A752-6D143D66EC37}"
EndProject
Project("{FAE04EC0-301F-11D3-BF4B-00C04F79EFBC}") = "TasMaster.Queries", "TasMaster.Queries\TasMaster.Queries.csproj", "{BF52AD8A-9877-4894-9487-01E4FD19AE24}"
EndProject
Global
	GlobalSection(SolutionConfigurationPlatforms) = preSolution
		Debug|Any CPU = Debug|Any CPU
		Release|Any CPU = Release|Any CPU
	EndGlobalSection
	GlobalSection(ProjectConfigurationPlatforms) = postSolution
		{C0D46E57-51D3-4A9D-A20C-0952FCFA82F8}.Debug|Any CPU.ActiveCfg = Debug|Any CPU
		{C0D46E57-51D3-4A9D-A20C-0952FCFA82F8}.Debug|Any CPU.Build.0 = Debug|Any CPU
		{C0D46E57-51D3-4A9D-A20C-0952FCFA82F8}.Release|Any CPU.ActiveCfg = Release|Any CPU
		{C0D46E57-51D3-4A9D-A20C-0952FCFA82F8}.Release|Any CPU.Build.0 = Release|Any CPU
		{0AA04DC5-D623-409D-9D8A-2B1826B55A53}.Debug|Any CPU.ActiveCfg = Debug|Any CPU
		{0AA04DC5-D623-409D-9D8A-2B1826B55A53}.Debug|Any CPU.Build.0 = Debug|Any CPU
		{0AA04DC5-D623-409D-9D8A-2B1826B55A53}.Release|Any CPU.ActiveCfg = Release|Any CPU
		{0AA04DC5-D623-409D-9D8A-2B1826B55A53}.Release|Any CPU.Build.0 = Release|Any CPU
		{2938F4E5-8BB9-447C-BB92-CA49DAE59884}.Debug|Any CPU.ActiveCfg = Debug|Any CPU
		{2938F4E5-8BB9-447C-BB92-CA49DAE59884}.Debug|Any CPU.Build.0 = Debug|Any CPU
		{2938F4E5-8BB9-447C-BB92-CA49DAE59884}.Release|Any CPU.ActiveCfg = Release|Any CPU
		{2938F4E5-8BB9-447C-BB92-CA49DAE59884}.Release|Any CPU.Build.0 = Release|Any CPU
		{E6AA1E31-8DA2-45CB-8AD9-6215FA92FAD1}.Debug|Any CPU.ActiveCfg = Debug|Any CPU
		{E6AA1E31-8DA2-45CB-8AD9-6215FA92FAD1}.Debug|Any CPU.Build.0 = Debug|Any CPU
		{E6AA1E31-8DA2-45CB-8AD9-6215FA92FAD1}.Release|Any CPU.ActiveCfg = Release|Any CPU
		{E6AA1E31-8DA2-45CB-8AD9-6215FA92FAD1}.Release|Any CPU.Build.0 = Release|Any CPU
		{39351C18-EA32-4FD8-B1B7-D2C4EBF967BB}.Debug|Any CPU.ActiveCfg = Debug|Any CPU
		{39351C18-EA32-4FD8-B1B7-D2C4EBF967BB}.Debug|Any CPU.Build.0 = Debug|Any CPU
		{39351C18-EA32-4FD8-B1B7-D2C4EBF967BB}.Release|Any CPU.ActiveCfg = Release|Any CPU
		{39351C18-EA32-4FD8-B1B7-D2C4EBF967BB}.Release|Any CPU.Build.0 = Release|Any CPU
		{6AFF2030-D51E-4EFD-9843-F0CD60587496}.Debug|Any CPU.ActiveCfg = Debug|Any CPU
		{6AFF2030-D51E-4EFD-9843-F0CD60587496}.Debug|Any CPU.Build.0 = Debug|Any CPU
		{6AFF2030-D51E-4EFD-9843-F0CD60587496}.Release|Any CPU.ActiveCfg = Release|Any CPU
		{6AFF2030-D51E-4EFD-9843-F0CD60587496}.Release|Any CPU.Build.0 = Release|Any CPU
		{440BF1DB-320E-4179-89DA-CE32C6710EFF}.Debug|Any CPU.ActiveCfg = Debug|Any CPU
		{440BF1DB-320E-4179-89DA-CE32C6710EFF}.Debug|Any CPU.Build.0 = Debug|Any CPU
		{440BF1DB-320E-4179-89DA-CE32C6710EFF}.Release|Any CPU.ActiveCfg = Release|Any CPU
		{440BF1DB-320E-4179-89DA-CE32C6710EFF}.Release|Any CPU.Build.0 = Release|Any CPU
		{50EB5346-E4FD-40E3-A80E-C80EE7C29A74}.Debug|Any CPU.ActiveCfg = Debug|Any CPU
		{50EB5346-E4FD-40E3-A80E-C80EE7C29A74}.Debug|Any CPU.Build.0 = Debug|Any CPU
		{50EB5346-E4FD-40E3-A80E-C80EE7C29A74}.Release|Any CPU.ActiveCfg = Release|Any CPU
		{50EB5346-E4FD-40E3-A80E-C80EE7C29A74}.Release|Any CPU.Build.0 = Release|Any CPU
		{B82640AF-87A2-463B-9FBD-C55F11204273}.Debug|Any CPU.ActiveCfg = Debug|Any CPU
		{B82640AF-87A2-463B-9FBD-C55F11204273}.Debug|Any CPU.Build.0 = Debug|Any CPU
		{B82640AF-87A2-463B-9FBD-C55F11204273}.Release|Any CPU.ActiveCfg = Release|Any CPU
		{B82640AF-87A2-463B-9FBD-C55F11204273}.Release|Any CPU.Build.0 = Release|Any CPU
		{CE46299B-22A7-4BEE-A752-6D143D66EC37}.Debug|Any CPU.ActiveCfg = Debug|Any CPU
		{CE46299B-22A7-4BEE-A752-6D143D66EC37}.Debug|Any CPU.Build.0 = Debug|Any CPU
		{CE46299B-22A7-4BEE-A752-6D143D66EC37}.Release|Any CPU.ActiveCfg = Release|Any CPU
		{CE46299B-22A7-4BEE-A752-6D143D66EC37}.Release|Any CPU.Build.0 = Release|Any CPU
		{BF52AD8A-9877-4894-9487-01E4FD19AE24}.Debug|Any CPU.ActiveCfg = Debug|Any CPU
		{BF52AD8A-9877-4894-9487-01E4FD19AE24}.Debug|Any CPU.Build.0 = Debug|Any CPU
		{BF52AD8A-9877-4894-9487-01E4FD19AE24}.Release|Any CPU.ActiveCfg = Release|Any CPU
		{BF52AD8A-9877-4894-9487-01E4FD19AE24}.Release|Any CPU.Build.0 = Release|Any CPU
	EndGlobalSection
	GlobalSection(SolutionProperties) = preSolution
		HideSolutionNode = FALSE
	EndGlobalSection
	GlobalSection(NestedProjects) = preSolution
		{C0D46E57-51D3-4A9D-A20C-0952FCFA82F8} = {39F39DD3-D33F-463C-AE30-742497655745}
		{0AA04DC5-D623-409D-9D8A-2B1826B55A53} = {39F39DD3-D33F-463C-AE30-742497655745}
		{857B60A8-753E-4953-A4EF-CD7B3DC4EA56} = {E3709AC6-0078-457A-9861-44C5C004AB27}
		{2938F4E5-8BB9-447C-BB92-CA49DAE59884} = {857B60A8-753E-4953-A4EF-CD7B3DC4EA56}
		{39351C18-EA32-4FD8-B1B7-D2C4EBF967BB} = {39F39DD3-D33F-463C-AE30-742497655745}
		{6AFF2030-D51E-4EFD-9843-F0CD60587496} = {39F39DD3-D33F-463C-AE30-742497655745}
		{34F52B9D-F141-4B33-891D-32E0DA38E14A} = {E3709AC6-0078-457A-9861-44C5C004AB27}
		{440BF1DB-320E-4179-89DA-CE32C6710EFF} = {34F52B9D-F141-4B33-891D-32E0DA38E14A}
		{120BCB4C-F021-4862-A339-EA4506D6EC1D} = {E3709AC6-0078-457A-9861-44C5C004AB27}
		{50EB5346-E4FD-40E3-A80E-C80EE7C29A74} = {120BCB4C-F021-4862-A339-EA4506D6EC1D}
		{1355E916-CB3A-49BE-8489-47133B7B8DF1} = {E3709AC6-0078-457A-9861-44C5C004AB27}
		{B82640AF-87A2-463B-9FBD-C55F11204273} = {1355E916-CB3A-49BE-8489-47133B7B8DF1}
		{CE46299B-22A7-4BEE-A752-6D143D66EC37} = {39F39DD3-D33F-463C-AE30-742497655745}
		{BF52AD8A-9877-4894-9487-01E4FD19AE24} = {39F39DD3-D33F-463C-AE30-742497655745}
	EndGlobalSection
EndGlobal
